
Microsoft Visual Studio Solution File, Format Version 12.00
# Visual Studio Version 17
VisualStudioVersion = 17.14.36717.8 d17.14
MinimumVisualStudioVersion = 10.0.40219.1
Project("{888888A0-9F3D-457C-B088-3A5042F75D52}") = "3_1_12", "3_1_12\3_1_12.pyproj", "{22C18C41-AA3C-41F1-8525-4FD39158D3E2}"
EndProject
Project("{888888A0-9F3D-457C-B088-3A5042F75D52}") = "3_2_12", "3_2_12\3_2_12.pyproj", "{54CE44AC-354F-40C7-A50F-A20DE0B9530D}"
EndProject
Project("{888888A0-9F3D-457C-B088-3A5042F75D52}") = "3_3_12", "3_3_12\3_3_12.pyproj", "{C2667CB1-138E-4ACE-A33B-70B9FAE04B5E}"
EndProject
Project("{888888A0-9F3D-457C-B088-3A5042F75D52}") = "3_4_12", "3_4_12\3_4_12.pyproj", "{909E7C32-CD93-4C0B-960D-B40A4EE98070}"
EndProject
Project("{888888A0-9F3D-457C-B088-3A5042F75D52}") = "3_5_12", "3_5_12\3_5_12.pyproj", "{39C06EA8-4143-4D69-A255-80F6DEBE6FC1}"
EndProject
Project("{888888A0-9F3D-457C-B088-3A5042F75D52}") = "3_6_12", "3_6_12\3_6_12.pyproj", "{01BD3C0A-0159-4C41-9E89-A91FCF88A8FF}"
EndProject
Project("{888888A0-9F3D-457C-B088-3A5042F75D52}") = "3_7_12", "3_7_12\3_7_12.pyproj", "{315F267A-28F9-49B0-9EA6-4E5D16CBCA92}"
EndProject
Project("{888888A0-9F3D-457C-B088-3A5042F75D52}") = "3_8_12", "3_8_12\3_8_12.pyproj", "{57070E81-A680-4272-8683-7521E6237B52}"
EndProject
Project("{888888A0-9F3D-457C-B088-3A5042F75D52}") = "3_9_12", "3_9_12\3_9_12.pyproj", "{023BD56D-F9AC-4032-B206-0EEE172A68E1}"
EndProject
Project("{888888A0-9F3D-457C-B088-3A5042F75D52}") = "3_10_12", "3_10_12\3_10_12.pyproj", "{6C0E0BD9-9D49-48C6-A85E-A7494DFE93ED}"
EndProject
Project("{888888A0-9F3D-457C-B088-3A5042F75D52}") = "3_11_12", "3_11_12\3_11_12.pyproj", "{3299392F-CD24-43D2-A5F3-04940E47BBB0}"
EndProject
Project("{888888A0-9F3D-457C-B088-3A5042F75D52}") = "3_12_12", "3_12_12\3_12_12.pyproj", "{AFBFB7A3-CB03-424A-823B-3131B72A9D52}"
EndProject
Project("{888888A0-9F3D-457C-B088-3A5042F75D52}") = "3_13_12", "3_13_12\3_13_12.pyproj", "{A8CDB972-2DF8-4A46-B5F6-681F05912819}"
EndProject
Project("{888888A0-9F3D-457C-B088-3A5042F75D52}") = "3_14_12", "3_14_12\3_14_12.pyproj", "{FAEACD5E-7C2B-42B3-BB45-F31301AEB2B4}"
EndProject
Global
	GlobalSection(SolutionConfigurationPlatforms) = preSolution
		Debug|Any CPU = Debug|Any CPU
		Release|Any CPU = Release|Any CPU
	EndGlobalSection
	GlobalSection(ProjectConfigurationPlatforms) = postSolution
		{22C18C41-AA3C-41F1-8525-4FD39158D3E2}.Debug|Any CPU.ActiveCfg = Debug|Any CPU
		{22C18C41-AA3C-41F1-8525-4FD39158D3E2}.Release|Any CPU.ActiveCfg = Release|Any CPU
		{54CE44AC-354F-40C7-A50F-A20DE0B9530D}.Debug|Any CPU.ActiveCfg = Debug|Any CPU
		{54CE44AC-354F-40C7-A50F-A20DE0B9530D}.Release|Any CPU.ActiveCfg = Release|Any CPU
		{C2667CB1-138E-4ACE-A33B-70B9FAE04B5E}.Debug|Any CPU.ActiveCfg = Debug|Any CPU
		{C2667CB1-138E-4ACE-A33B-70B9FAE04B5E}.Release|Any CPU.ActiveCfg = Release|Any CPU
		{909E7C32-CD93-4C0B-960D-B40A4EE98070}.Debug|Any CPU.ActiveCfg = Debug|Any CPU
		{909E7C32-CD93-4C0B-960D-B40A4EE98070}.Release|Any CPU.ActiveCfg = Release|Any CPU
		{39C06EA8-4143-4D69-A255-80F6DEBE6FC1}.Debug|Any CPU.ActiveCfg = Debug|Any CPU
		{39C06EA8-4143-4D69-A255-80F6DEBE6FC1}.Release|Any CPU.ActiveCfg = Release|Any CPU
		{01BD3C0A-0159-4C41-9E89-A91FCF88A8FF}.Debug|Any CPU.ActiveCfg = Debug|Any CPU
		{01BD3C0A-0159-4C41-9E89-A91FCF88A8FF}.Release|Any CPU.ActiveCfg = Release|Any CPU
		{315F267A-28F9-49B0-9EA6-4E5D16CBCA92}.Debug|Any CPU.ActiveCfg = Debug|Any CPU
		{315F267A-28F9-49B0-9EA6-4E5D16CBCA92}.Release|Any CPU.ActiveCfg = Release|Any CPU
		{57070E81-A680-4272-8683-7521E6237B52}.Debug|Any CPU.ActiveCfg = Debug|Any CPU
		{57070E81-A680-4272-8683-7521E6237B52}.Release|Any CPU.ActiveCfg = Release|Any CPU
		{023BD56D-F9AC-4032-B206-0EEE172A68E1}.Debug|Any CPU.ActiveCfg = Debug|Any CPU
		{023BD56D-F9AC-4032-B206-0EEE172A68E1}.Release|Any CPU.ActiveCfg = Release|Any CPU
		{6C0E0BD9-9D49-48C6-A85E-A7494DFE93ED}.Debug|Any CPU.ActiveCfg = Debug|Any CPU
		{6C0E0BD9-9D49-48C6-A85E-A7494DFE93ED}.Release|Any CPU.ActiveCfg = Release|Any CPU
		{3299392F-CD24-43D2-A5F3-04940E47BBB0}.Debug|Any CPU.ActiveCfg = Debug|Any CPU
		{3299392F-CD24-43D2-A5F3-04940E47BBB0}.Release|Any CPU.ActiveCfg = Release|Any CPU
		{AFBFB7A3-CB03-424A-823B-3131B72A9D52}.Debug|Any CPU.ActiveCfg = Debug|Any CPU
		{AFBFB7A3-CB03-424A-823B-3131B72A9D52}.Release|Any CPU.ActiveCfg = Release|Any CPU
		{A8CDB972-2DF8-4A46-B5F6-681F05912819}.Debug|Any CPU.ActiveCfg = Debug|Any CPU
		{A8CDB972-2DF8-4A46-B5F6-681F05912819}.Release|Any CPU.ActiveCfg = Release|Any CPU
		{FAEACD5E-7C2B-42B3-BB45-F31301AEB2B4}.Debug|Any CPU.ActiveCfg = Debug|Any CPU
		{FAEACD5E-7C2B-42B3-BB45-F31301AEB2B4}.Release|Any CPU.ActiveCfg = Release|Any CPU
	EndGlobalSection
	GlobalSection(SolutionProperties) = preSolution
		HideSolutionNode = FALSE
	EndGlobalSection
	GlobalSection(ExtensibilityGlobals) = postSolution
		SolutionGuid = {5D5D8C33-1771-40E2-8395-D633A35D87E5}
	EndGlobalSection
EndGlobal
